{
  "version": 4,
  "terraform_version": "1.6.2",
  "serial": 14,
  "lineage": "7624c2f7-977e-462a-cdd6-2fb1e6085fb4",
  "outputs": {},
  "resources": [
    {
      "mode": "managed",
      "type": "azurerm_app_service_source_control",
      "name": "app_sc",
      "provider": "provider[\"registry.terraform.io/hashicorp/azurerm\"]",
      "instances": [
        {
          "schema_version": 0,
          "attributes": {
            "app_id": "/subscriptions/8182b53e-78a3-48e5-9e7d-603ee031f634/resourceGroups/tcc-api-resource-group/providers/Microsoft.Web/sites/tcc-api-deployment",
            "branch": "main",
            "github_action_configuration": [],
            "id": "/subscriptions/8182b53e-78a3-48e5-9e7d-603ee031f634/resourceGroups/tcc-api-resource-group/providers/Microsoft.Web/sites/tcc-api-deployment",
            "repo_url": "https://github.com/shauenyribeiro/tcc-api/",
            "rollback_enabled": false,
            "scm_type": "ExternalGit",
            "timeouts": null,
            "use_local_git": false,
            "use_manual_integration": true,
            "use_mercurial": false,
            "uses_github_action": false
          },
          "sensitive_attributes": [],
          "private": "eyJlMmJmYjczMC1lY2FhLTExZTYtOGY4OC0zNDM2M2JjN2M0YzAiOnsiY3JlYXRlIjoxODAwMDAwMDAwMDAwLCJkZWxldGUiOjE4MDAwMDAwMDAwMDAsInJlYWQiOjMwMDAwMDAwMDAwMH19",
          "dependencies": [
            "azurerm_linux_web_app.app",
            "azurerm_resource_group.rg",
            "azurerm_service_plan.sp"
          ]
        }
      ]
    },
    {
      "mode": "managed",
      "type": "azurerm_linux_web_app",
      "name": "app",
      "provider": "provider[\"registry.terraform.io/hashicorp/azurerm\"]",
      "instances": [
        {
          "schema_version": 0,
          "attributes": {
            "app_settings": {},
            "auth_settings": [],
            "auth_settings_v2": [],
            "backup": [],
            "client_affinity_enabled": false,
            "client_certificate_enabled": false,
            "client_certificate_exclusion_paths": "",
            "client_certificate_mode": "Required",
            "connection_string": [],
            "custom_domain_verification_id": "C3E4B9A82993C25B72C734CDBEBD10D1C4473E6ED2B0B60D5AEB4B5AE094C9A3",
            "default_hostname": "tcc-api-deployment.azurewebsites.net",
            "enabled": true,
            "ftp_publish_basic_authentication_enabled": true,
            "hosting_environment_id": "",
            "https_only": false,
            "id": "/subscriptions/8182b53e-78a3-48e5-9e7d-603ee031f634/resourceGroups/tcc-api-resource-group/providers/Microsoft.Web/sites/tcc-api-deployment",
            "identity": [],
            "key_vault_reference_identity_id": "SystemAssigned",
            "kind": "app,linux",
            "location": "brazilsouth",
            "logs": [
              {
                "application_logs": [
                  {
                    "azure_blob_storage": [],
                    "file_system_level": "Verbose"
                  }
                ],
                "detailed_error_messages": true,
                "failed_request_tracing": true,
                "http_logs": [
                  {
                    "azure_blob_storage": [],
                    "file_system": [
                      {
                        "retention_in_days": 7,
                        "retention_in_mb": 35
                      }
                    ]
                  }
                ]
              }
            ],
            "name": "tcc-api-deployment",
            "outbound_ip_address_list": [
              "191.234.200.16",
              "191.234.200.38",
              "191.234.200.54",
              "191.234.200.86",
              "191.234.200.89",
              "191.234.200.92",
              "191.235.228.33"
            ],
            "outbound_ip_addresses": "191.234.200.16,191.234.200.38,191.234.200.54,191.234.200.86,191.234.200.89,191.234.200.92,191.235.228.33",
            "possible_outbound_ip_address_list": [
              "191.234.200.16",
              "191.234.200.38",
              "191.234.200.54",
              "191.234.200.86",
              "191.234.200.89",
              "191.234.200.92",
              "191.234.200.116",
              "191.234.200.126",
              "191.234.200.199",
              "191.234.200.206",
              "191.234.200.208",
              "191.234.200.210",
              "191.234.200.215",
              "191.234.200.218",
              "191.234.200.239",
              "191.234.201.11",
              "191.234.201.42",
              "191.234.201.52",
              "20.201.24.2",
              "20.201.27.194",
              "20.201.28.32",
              "20.201.12.225",
              "20.201.12.252",
              "20.201.32.154",
              "191.235.228.33"
            ],
            "possible_outbound_ip_addresses": "191.234.200.16,191.234.200.38,191.234.200.54,191.234.200.86,191.234.200.89,191.234.200.92,191.234.200.116,191.234.200.126,191.234.200.199,191.234.200.206,191.234.200.208,191.234.200.210,191.234.200.215,191.234.200.218,191.234.200.239,191.234.201.11,191.234.201.42,191.234.201.52,20.201.24.2,20.201.27.194,20.201.28.32,20.201.12.225,20.201.12.252,20.201.32.154,191.235.228.33",
            "public_network_access_enabled": true,
            "resource_group_name": "tcc-api-resource-group",
            "service_plan_id": "/subscriptions/8182b53e-78a3-48e5-9e7d-603ee031f634/resourceGroups/tcc-api-resource-group/providers/Microsoft.Web/serverfarms/tcc-api-plan",
            "site_config": [
              {
                "always_on": false,
                "api_definition_url": "",
                "api_management_api_id": "",
                "app_command_line": "python3.11 -u ./app/main.py",
                "application_stack": [
                  {
                    "docker_image": "",
                    "docker_image_name": "",
                    "docker_image_tag": "",
                    "docker_registry_password": "",
                    "docker_registry_url": "",
                    "docker_registry_username": "",
                    "dotnet_version": "",
                    "go_version": "",
                    "java_server": "",
                    "java_server_version": "",
                    "java_version": "",
                    "node_version": "",
                    "php_version": "",
                    "python_version": "3.11",
                    "ruby_version": ""
                  }
                ],
                "auto_heal_enabled": false,
                "auto_heal_setting": [],
                "container_registry_managed_identity_client_id": "",
                "container_registry_use_managed_identity": false,
                "cors": [],
                "default_documents": [
                  "Default.htm",
                  "Default.html",
                  "Default.asp",
                  "index.htm",
                  "index.html",
                  "iisstart.htm",
                  "default.aspx",
                  "index.php",
                  "hostingstart.html"
                ],
                "detailed_error_logging_enabled": true,
                "ftps_state": "Disabled",
                "health_check_eviction_time_in_min": 0,
                "health_check_path": "",
                "http2_enabled": false,
                "ip_restriction": [],
                "linux_fx_version": "PYTHON|3.11",
                "load_balancing_mode": "LeastRequests",
                "local_mysql_enabled": false,
                "managed_pipeline_mode": "Integrated",
                "minimum_tls_version": "1.2",
                "remote_debugging_enabled": false,
                "remote_debugging_version": "VS2019",
                "scm_ip_restriction": [],
                "scm_minimum_tls_version": "1.2",
                "scm_type": "ExternalGit",
                "scm_use_main_ip_restriction": false,
                "use_32_bit_worker": true,
                "vnet_route_all_enabled": false,
                "websockets_enabled": false,
                "worker_count": 1
              }
            ],
            "site_credential": [
              {
                "name": "$tcc-api-deployment",
                "password": "E26xYYdYbWwA9oiF2PKCNKJF5TpregpGTwWLQRAdXF2JtgDhCqjzSN8sjrrB"
              }
            ],
            "sticky_settings": [],
            "storage_account": [],
            "tags": {},
            "timeouts": null,
            "virtual_network_subnet_id": "",
            "webdeploy_publish_basic_authentication_enabled": true,
            "zip_deploy_file": ""
          },
          "sensitive_attributes": [],
          "private": "eyJlMmJmYjczMC1lY2FhLTExZTYtOGY4OC0zNDM2M2JjN2M0YzAiOnsiY3JlYXRlIjoxODAwMDAwMDAwMDAwLCJkZWxldGUiOjE4MDAwMDAwMDAwMDAsInJlYWQiOjMwMDAwMDAwMDAwMCwidXBkYXRlIjoxODAwMDAwMDAwMDAwfX0=",
          "dependencies": [
            "azurerm_resource_group.rg",
            "azurerm_service_plan.sp"
          ]
        }
      ]
    },
    {
      "mode": "managed",
      "type": "azurerm_resource_group",
      "name": "rg",
      "provider": "provider[\"registry.terraform.io/hashicorp/azurerm\"]",
      "instances": [
        {
          "schema_version": 0,
          "attributes": {
            "id": "/subscriptions/8182b53e-78a3-48e5-9e7d-603ee031f634/resourceGroups/tcc-api-resource-group",
            "location": "brazilsouth",
            "managed_by": "",
            "name": "tcc-api-resource-group",
            "tags": {},
            "timeouts": null
          },
          "sensitive_attributes": [],
          "private": "eyJlMmJmYjczMC1lY2FhLTExZTYtOGY4OC0zNDM2M2JjN2M0YzAiOnsiY3JlYXRlIjo1NDAwMDAwMDAwMDAwLCJkZWxldGUiOjU0MDAwMDAwMDAwMDAsInJlYWQiOjMwMDAwMDAwMDAwMCwidXBkYXRlIjo1NDAwMDAwMDAwMDAwfX0="
        }
      ]
    },
    {
      "mode": "managed",
      "type": "azurerm_service_plan",
      "name": "sp",
      "provider": "provider[\"registry.terraform.io/hashicorp/azurerm\"]",
      "instances": [
        {
          "schema_version": 0,
          "attributes": {
            "app_service_environment_id": "",
            "id": "/subscriptions/8182b53e-78a3-48e5-9e7d-603ee031f634/resourceGroups/tcc-api-resource-group/providers/Microsoft.Web/serverfarms/tcc-api-plan",
            "kind": "linux",
            "location": "brazilsouth",
            "maximum_elastic_worker_count": 1,
            "name": "tcc-api-plan",
            "os_type": "Linux",
            "per_site_scaling_enabled": false,
            "reserved": true,
            "resource_group_name": "tcc-api-resource-group",
            "sku_name": "F1",
            "tags": {},
            "timeouts": null,
            "worker_count": 1,
            "zone_balancing_enabled": false
          },
          "sensitive_attributes": [],
          "private": "eyJlMmJmYjczMC1lY2FhLTExZTYtOGY4OC0zNDM2M2JjN2M0YzAiOnsiY3JlYXRlIjozNjAwMDAwMDAwMDAwLCJkZWxldGUiOjM2MDAwMDAwMDAwMDAsInJlYWQiOjMwMDAwMDAwMDAwMCwidXBkYXRlIjozNjAwMDAwMDAwMDAwfX0=",
          "dependencies": [
            "azurerm_resource_group.rg"
          ]
        }
      ]
    }
  ],
  "check_results": null
}
